
Microsoft Visual Studio Solution File, Format Version 12.00
# Visual Studio Version 17
VisualStudioVersion = 17.9.34701.34
MinimumVisualStudioVersion = 10.0.40219.1
Project("{FAE04EC0-301F-11D3-BF4B-00C04F79EFBC}") = "9", "9.csproj", "{C23956B0-9579-481B-9599-7D0A6DB50F0F}"
EndProject
Global
	GlobalSection(SolutionConfigurationPlatforms) = preSolution
		Debug|Any CPU = Debug|Any CPU
		Release|Any CPU = Release|Any CPU
	EndGlobalSection
	GlobalSection(ProjectConfigurationPlatforms) = postSolution
		{C23956B0-9579-481B-9599-7D0A6DB50F0F}.Debug|Any CPU.ActiveCfg = Debug|Any CPU
		{C23956B0-9579-481B-9599-7D0A6DB50F0F}.Debug|Any CPU.Build.0 = Debug|Any CPU
		{C23956B0-9579-481B-9599-7D0A6DB50F0F}.Release|Any CPU.ActiveCfg = Release|Any CPU
		{C23956B0-9579-481B-9599-7D0A6DB50F0F}.Release|Any CPU.Build.0 = Release|Any CPU
	EndGlobalSection
	GlobalSection(SolutionProperties) = preSolution
		HideSolutionNode = FALSE
	EndGlobalSection
	GlobalSection(ExtensibilityGlobals) = postSolution
		SolutionGuid = {8E0C79EF-72BF-472C-B86D-0537B7F28E30}
	EndGlobalSection
EndGlobal
